// !$*UTF8*$!
{
	archiveVersion = 1;
	classes = {
	};
	objectVersion = 46;
	objects = {

/* Begin PBXBuildFile section */
		BF6178981E248C9B00A336A7 /* AppDelegate.swift in Sources */ = {isa = PBXBuildFile; fileRef = BF6178971E248C9B00A336A7 /* AppDelegate.swift */; };
		BF61789A1E248C9B00A336A7 /* ViewController.swift in Sources */ = {isa = PBXBuildFile; fileRef = BF6178991E248C9B00A336A7 /* ViewController.swift */; };
		BF61789D1E248C9B00A336A7 /* Main.storyboard in Resources */ = {isa = PBXBuildFile; fileRef = BF61789B1E248C9B00A336A7 /* Main.storyboard */; };
		BF61789F1E248C9B00A336A7 /* Assets.xcassets in Resources */ = {isa = PBXBuildFile; fileRef = BF61789E1E248C9B00A336A7 /* Assets.xcassets */; };
		BF6178A21E248C9B00A336A7 /* LaunchScreen.storyboard in Resources */ = {isa = PBXBuildFile; fileRef = BF6178A01E248C9B00A336A7 /* LaunchScreen.storyboard */; };
		BF6178AC1E248E1E00A336A7 /* DetailViewController.swift in Sources */ = {isa = PBXBuildFile; fileRef = BF6178AB1E248E1E00A336A7 /* DetailViewController.swift */; };
		BF968BA21E24CBD90002CD76 /* Alamofire.framework in Frameworks */ = {isa = PBXBuildFile; fileRef = BF968B951E24CBBC0002CD76 /* Alamofire.framework */; };
		BF968BA31E24CBD90002CD76 /* Alamofire.framework in Embed Frameworks */ = {isa = PBXBuildFile; fileRef = BF968B951E24CBBC0002CD76 /* Alamofire.framework */; settings = {ATTRIBUTES = (CodeSignOnCopy, RemoveHeadersOnCopy, ); }; };
/* End PBXBuildFile section */

/* Begin PBXContainerItemProxy section */
		BF968B941E24CBBC0002CD76 /* PBXContainerItemProxy */ = {
			isa = PBXContainerItemProxy;
			containerPortal = BF968B891E24CBBC0002CD76 /* Alamofire.xcodeproj */;
			proxyType = 2;
			remoteGlobalIDString = F8111E3319A95C8B0040E7D1;
			remoteInfo = "Alamofire iOS";
		};
		BF968B961E24CBBC0002CD76 /* PBXContainerItemProxy */ = {
			isa = PBXContainerItemProxy;
			containerPortal = BF968B891E24CBBC0002CD76 /* Alamofire.xcodeproj */;
			proxyType = 2;
			remoteGlobalIDString = F8111E3E19A95C8B0040E7D1;
			remoteInfo = "Alamofire iOS Tests";
		};
		BF968B981E24CBBC0002CD76 /* PBXContainerItemProxy */ = {
			isa = PBXContainerItemProxy;
			containerPortal = BF968B891E24CBBC0002CD76 /* Alamofire.xcodeproj */;
			proxyType = 2;
			remoteGlobalIDString = 4DD67C0B1A5C55C900ED2280;
			remoteInfo = "Alamofire macOS";
		};
		BF968B9A1E24CBBC0002CD76 /* PBXContainerItemProxy */ = {
			isa = PBXContainerItemProxy;
			containerPortal = BF968B891E24CBBC0002CD76 /* Alamofire.xcodeproj */;
			proxyType = 2;
			remoteGlobalIDString = F829C6B21A7A94F100A2CD59;
			remoteInfo = "Alamofire macOS Tests";
		};
		BF968B9C1E24CBBC0002CD76 /* PBXContainerItemProxy */ = {
			isa = PBXContainerItemProxy;
			containerPortal = BF968B891E24CBBC0002CD76 /* Alamofire.xcodeproj */;
			proxyType = 2;
			remoteGlobalIDString = 4CF626EF1BA7CB3E0011A099;
			remoteInfo = "Alamofire tvOS";
		};
		BF968B9E1E24CBBC0002CD76 /* PBXContainerItemProxy */ = {
			isa = PBXContainerItemProxy;
			containerPortal = BF968B891E24CBBC0002CD76 /* Alamofire.xcodeproj */;
			proxyType = 2;
			remoteGlobalIDString = 4CF626F81BA7CB3E0011A099;
			remoteInfo = "Alamofire tvOS Tests";
		};
		BF968BA01E24CBBC0002CD76 /* PBXContainerItemProxy */ = {
			isa = PBXContainerItemProxy;
			containerPortal = BF968B891E24CBBC0002CD76 /* Alamofire.xcodeproj */;
			proxyType = 2;
			remoteGlobalIDString = E4202FE01B667AA100C997FB;
			remoteInfo = "Alamofire watchOS";
		};
		BF968BA41E24CBD90002CD76 /* PBXContainerItemProxy */ = {
			isa = PBXContainerItemProxy;
			containerPortal = BF968B891E24CBBC0002CD76 /* Alamofire.xcodeproj */;
			proxyType = 1;
			remoteGlobalIDString = F8111E3219A95C8B0040E7D1;
			remoteInfo = "Alamofire iOS";
		};
/* End PBXContainerItemProxy section */

/* Begin PBXCopyFilesBuildPhase section */
		BF968B6C1E24C6080002CD76 /* Embed Frameworks */ = {
			isa = PBXCopyFilesBuildPhase;
			buildActionMask = 2147483647;
			dstPath = "";
			dstSubfolderSpec = 10;
			files = (
				BF968BA31E24CBD90002CD76 /* Alamofire.framework in Embed Frameworks */,
			);
			name = "Embed Frameworks";
			runOnlyForDeploymentPostprocessing = 0;
		};
/* End PBXCopyFilesBuildPhase section */

/* Begin PBXFileReference section */
		BF6178941E248C9B00A336A7 /* Network.app */ = {isa = PBXFileReference; explicitFileType = wrapper.application; includeInIndex = 0; path = Network.app; sourceTree = BUILT_PRODUCTS_DIR; };
		BF6178971E248C9B00A336A7 /* AppDelegate.swift */ = {isa = PBXFileReference; lastKnownFileType = sourcecode.swift; path = AppDelegate.swift; sourceTree = "<group>"; };
		BF6178991E248C9B00A336A7 /* ViewController.swift */ = {isa = PBXFileReference; lastKnownFileType = sourcecode.swift; path = ViewController.swift; sourceTree = "<group>"; };
		BF61789C1E248C9B00A336A7 /* Base */ = {isa = PBXFileReference; lastKnownFileType = file.storyboard; name = Base; path = Base.lproj/Main.storyboard; sourceTree = "<group>"; };
		BF61789E1E248C9B00A336A7 /* Assets.xcassets */ = {isa = PBXFileReference; lastKnownFileType = folder.assetcatalog; path = Assets.xcassets; sourceTree = "<group>"; };
		BF6178A11E248C9B00A336A7 /* Base */ = {isa = PBXFileReference; lastKnownFileType = file.storyboard; name = Base; path = Base.lproj/LaunchScreen.storyboard; sourceTree = "<group>"; };
		BF6178A31E248C9B00A336A7 /* Info.plist */ = {isa = PBXFileReference; lastKnownFileType = text.plist.xml; path = Info.plist; sourceTree = "<group>"; };
		BF6178AB1E248E1E00A336A7 /* DetailViewController.swift */ = {isa = PBXFileReference; fileEncoding = 4; lastKnownFileType = sourcecode.swift; path = DetailViewController.swift; sourceTree = "<group>"; };
		BF968B891E24CBBC0002CD76 /* Alamofire.xcodeproj */ = {isa = PBXFileReference; lastKnownFileType = "wrapper.pb-project"; name = Alamofire.xcodeproj; path = Alamofire/Alamofire.xcodeproj; sourceTree = "<group>"; };
/* End PBXFileReference section */

/* Begin PBXFrameworksBuildPhase section */
		BF6178911E248C9B00A336A7 /* Frameworks */ = {
			isa = PBXFrameworksBuildPhase;
			buildActionMask = 2147483647;
			files = (
				BF968BA21E24CBD90002CD76 /* Alamofire.framework in Frameworks */,
			);
			runOnlyForDeploymentPostprocessing = 0;
		};
/* End PBXFrameworksBuildPhase section */

/* Begin PBXGroup section */
		BF61788B1E248C9B00A336A7 = {
			isa = PBXGroup;
			children = (
				BF6178961E248C9B00A336A7 /* Network */,
				BF6178951E248C9B00A336A7 /* Products */,
				BF968B891E24CBBC0002CD76 /* Alamofire.xcodeproj */,
			);
			sourceTree = "<group>";
		};
		BF6178951E248C9B00A336A7 /* Products */ = {
			isa = PBXGroup;
			children = (
				BF6178941E248C9B00A336A7 /* Network.app */,
			);
			name = Products;
			sourceTree = "<group>";
		};
		BF6178961E248C9B00A336A7 /* Network */ = {
			isa = PBXGroup;
			children = (
				BF6178971E248C9B00A336A7 /* AppDelegate.swift */,
				BF6178991E248C9B00A336A7 /* ViewController.swift */,
				BF6178AB1E248E1E00A336A7 /* DetailViewController.swift */,
				BF61789B1E248C9B00A336A7 /* Main.storyboard */,
				BF61789E1E248C9B00A336A7 /* Assets.xcassets */,
				BF6178A01E248C9B00A336A7 /* LaunchScreen.storyboard */,
				BF6178A31E248C9B00A336A7 /* Info.plist */,
			);
			path = Network;
			sourceTree = "<group>";
		};
		BF968B8A1E24CBBC0002CD76 /* Products */ = {
			isa = PBXGroup;
			children = (
				BF968B951E24CBBC0002CD76 /* Alamofire.framework */,
				BF968B971E24CBBC0002CD76 /* Alamofire iOS Tests.xctest */,
				BF968B991E24CBBC0002CD76 /* Alamofire.framework */,
				BF968B9B1E24CBBC0002CD76 /* Alamofire macOS Tests.xctest */,
				BF968B9D1E24CBBC0002CD76 /* Alamofire.framework */,
				BF968B9F1E24CBBC0002CD76 /* Alamofire tvOS Tests.xctest */,
				BF968BA11E24CBBC0002CD76 /* Alamofire.framework */,
			);
			name = Products;
			sourceTree = "<group>";
		};
/* End PBXGroup section */

/* Begin PBXNativeTarget section */
		BF6178931E248C9B00A336A7 /* Network */ = {
			isa = PBXNativeTarget;
			buildConfigurationList = BF6178A61E248C9B00A336A7 /* Build configuration list for PBXNativeTarget "Network" */;
			buildPhases = (
				BF6178901E248C9B00A336A7 /* Sources */,
				BF6178911E248C9B00A336A7 /* Frameworks */,
				BF6178921E248C9B00A336A7 /* Resources */,
				BF968B6C1E24C6080002CD76 /* Embed Frameworks */,
			);
			buildRules = (
			);
			dependencies = (
				BF968BA51E24CBD90002CD76 /* PBXTargetDependency */,
			);
			name = Network;
			productName = Network;
			productReference = BF6178941E248C9B00A336A7 /* Network.app */;
			productType = "com.apple.product-type.application";
		};
/* End PBXNativeTarget section */

/* Begin PBXProject section */
		BF61788C1E248C9B00A336A7 /* Project object */ = {
			isa = PBXProject;
			attributes = {
				LastSwiftUpdateCheck = 0810;
				LastUpgradeCheck = 0810;
				ORGANIZATIONNAME = "Beijing Minority Report Information Technology Co., Ltd.";
				TargetAttributes = {
					BF6178931E248C9B00A336A7 = {
						CreatedOnToolsVersion = 8.1;
						ProvisioningStyle = Manual;
					};
				};
			};
			buildConfigurationList = BF61788F1E248C9B00A336A7 /* Build configuration list for PBXProject "Network" */;
			compatibilityVersion = "Xcode 3.2";
			developmentRegion = English;
			hasScannedForEncodings = 0;
			knownRegions = (
				en,
				Base,
			);
			mainGroup = BF61788B1E248C9B00A336A7;
			productRefGroup = BF6178951E248C9B00A336A7 /* Products */;
			projectDirPath = "";
			projectReferences = (
				{
					ProductGroup = BF968B8A1E24CBBC0002CD76 /* Products */;
					ProjectRef = BF968B891E24CBBC0002CD76 /* Alamofire.xcodeproj */;
				},
			);
			projectRoot = "";
			targets = (
				BF6178931E248C9B00A336A7 /* Network */,
			);
		};
/* End PBXProject section */

/* Begin PBXReferenceProxy section */
		BF968B951E24CBBC0002CD76 /* Alamofire.framework */ = {
			isa = PBXReferenceProxy;
			fileType = wrapper.framework;
			path = Alamofire.framework;
			remoteRef = BF968B941E24CBBC0002CD76 /* PBXContainerItemProxy */;
			sourceTree = BUILT_PRODUCTS_DIR;
		};
		BF968B971E24CBBC0002CD76 /* Alamofire iOS Tests.xctest */ = {
			isa = PBXReferenceProxy;
			fileType = wrapper.cfbundle;
			path = "Alamofire iOS Tests.xctest";
			remoteRef = BF968B961E24CBBC0002CD76 /* PBXContainerItemProxy */;
			sourceTree = BUILT_PRODUCTS_DIR;
		};
		BF968B991E24CBBC0002CD76 /* Alamofire.framework */ = {
			isa = PBXReferenceProxy;
			fileType = wrapper.framework;
			path = Alamofire.framework;
			remoteRef = BF968B981E24CBBC0002CD76 /* PBXContainerItemProxy */;
			sourceTree = BUILT_PRODUCTS_DIR;
		};
		BF968B9B1E24CBBC0002CD76 /* Alamofire macOS Tests.xctest */ = {
			isa = PBXReferenceProxy;
			fileType = wrapper.cfbundle;
			path = "Alamofire macOS Tests.xctest";
			remoteRef = BF968B9A1E24CBBC0002CD76 /* PBXContainerItemProxy */;
			sourceTree = BUILT_PRODUCTS_DIR;
		};
		BF968B9D1E24CBBC0002CD76 /* Alamofire.framework */ = {
			isa = PBXReferenceProxy;
			fileType = wrapper.framework;
			path = Alamofire.framework;
			remoteRef = BF968B9C1E24CBBC0002CD76 /* PBXContainerItemProxy */;
			sourceTree = BUILT_PRODUCTS_DIR;
		};
		BF968B9F1E24CBBC0002CD76 /* Alamofire tvOS Tests.xctest */ = {
			isa = PBXReferenceProxy;
			fileType = wrapper.cfbundle;
			path = "Alamofire tvOS Tests.xctest";
			remoteRef = BF968B9E1E24CBBC0002CD76 /* PBXContainerItemProxy */;
			sourceTree = BUILT_PRODUCTS_DIR;
		};
		BF968BA11E24CBBC0002CD76 /* Alamofire.framework */ = {
			isa = PBXReferenceProxy;
			fileType = wrapper.framework;
			path = Alamofire.framework;
			remoteRef = BF968BA01E24CBBC0002CD76 /* PBXContainerItemProxy */;
			sourceTree = BUILT_PRODUCTS_DIR;
		};
/* End PBXReferenceProxy section */

/* Begin PBXResourcesBuildPhase section */
		BF6178921E248C9B00A336A7 /* Resources */ = {
			isa = PBXResourcesBuildPhase;
			buildActionMask = 2147483647;
			files = (
				BF6178A21E248C9B00A336A7 /* LaunchScreen.storyboard in Resources */,
				BF61789F1E248C9B00A336A7 /* Assets.xcassets in Resources */,
				BF61789D1E248C9B00A336A7 /* Main.storyboard in Resources */,
			);
			runOnlyForDeploymentPostprocessing = 0;
		};
/* End PBXResourcesBuildPhase section */

/* Begin PBXSourcesBuildPhase section */
		BF6178901E248C9B00A336A7 /* Sources */ = {
			isa = PBXSourcesBuildPhase;
			buildActionMask = 2147483647;
			files = (
				BF6178AC1E248E1E00A336A7 /* DetailViewController.swift in Sources */,
				BF61789A1E248C9B00A336A7 /* ViewController.swift in Sources */,
				BF6178981E248C9B00A336A7 /* AppDelegate.swift in Sources */,
			);
			runOnlyForDeploymentPostprocessing = 0;
		};
/* End PBXSourcesBuildPhase section */

/* Begin PBXTargetDependency section */
		BF968BA51E24CBD90002CD76 /* PBXTargetDependency */ = {
			isa = PBXTargetDependency;
			name = "Alamofire iOS";
			targetProxy = BF968BA41E24CBD90002CD76 /* PBXContainerItemProxy */;
		};
/* End PBXTargetDependency section */

/* Begin PBXVariantGroup section */
		BF61789B1E248C9B00A336A7 /* Main.storyboard */ = {
			isa = PBXVariantGroup;
			children = (
				BF61789C1E248C9B00A336A7 /* Base */,
			);
			name = Main.storyboard;
			sourceTree = "<group>";
		};
		BF6178A01E248C9B00A336A7 /* LaunchScreen.storyboard */ = {
			isa = PBXVariantGroup;
			children = (
				BF6178A11E248C9B00A336A7 /* Base */,
			);
			name = LaunchScreen.storyboard;
			sourceTree = "<group>";
		};
/* End PBXVariantGroup section */

/* Begin XCBuildConfiguration section */
		BF6178A41E248C9B00A336A7 /* Debug */ = {
			isa = XCBuildConfiguration;
			buildSettings = {
				ALWAYS_SEARCH_USER_PATHS = NO;
				CLANG_ANALYZER_NONNULL = YES;
				CLANG_CXX_LANGUAGE_STANDARD = "gnu++0x";
				CLANG_CXX_LIBRARY = "libc++";
				CLANG_ENABLE_MODULES = YES;
				CLANG_ENABLE_OBJC_ARC = YES;
				CLANG_WARN_BOOL_CONVERSION = YES;
				CLANG_WARN_CONSTANT_CONVERSION = YES;
				CLANG_WARN_DIRECT_OBJC_ISA_USAGE = YES_ERROR;
				CLANG_WARN_DOCUMENTATION_COMMENTS = YES;
				CLANG_WARN_EMPTY_BODY = YES;
				CLANG_WARN_ENUM_CONVERSION = YES;
				CLANG_WARN_INFINITE_RECURSION = YES;
				CLANG_WARN_INT_CONVERSION = YES;
				CLANG_WARN_OBJC_ROOT_CLASS = YES_ERROR;
				CLANG_WARN_SUSPICIOUS_MOVES = YES;
				CLANG_WARN_UNREACHABLE_CODE = YES;
				CLANG_WARN__DUPLICATE_METHOD_MATCH = YES;
				"CODE_SIGN_IDENTITY[sdk=iphoneos*]" = "iPhone Developer";
				COPY_PHASE_STRIP = NO;
				DEBUG_INFORMATION_FORMAT = dwarf;
				ENABLE_STRICT_OBJC_MSGSEND = YES;
				ENABLE_TESTABILITY = YES;
				GCC_C_LANGUAGE_STANDARD = gnu99;
				GCC_DYNAMIC_NO_PIC = NO;
				GCC_NO_COMMON_BLOCKS = YES;
				GCC_OPTIMIZATION_LEVEL = 0;
				GCC_PREPROCESSOR_DEFINITIONS = (
					"DEBUG=1",
					"$(inherited)",
				);
				GCC_WARN_64_TO_32_BIT_CONVERSION = YES;
				GCC_WARN_ABOUT_RETURN_TYPE = YES_ERROR;
				GCC_WARN_UNDECLARED_SELECTOR = YES;
				GCC_WARN_UNINITIALIZED_AUTOS = YES_AGGRESSIVE;
				GCC_WARN_UNUSED_FUNCTION = YES;
				GCC_WARN_UNUSED_VARIABLE = YES;
				IPHONEOS_DEPLOYMENT_TARGET = 8.0;
				MTL_ENABLE_DEBUG_INFO = YES;
				ONLY_ACTIVE_ARCH = YES;
				SDKROOT = iphoneos;
				SWIFT_ACTIVE_COMPILATION_CONDITIONS = DEBUG;
				SWIFT_OPTIMIZATION_LEVEL = "-Onone";
				TARGETED_DEVICE_FAMILY = "1,2";
			};
			name = Debug;
		};
		BF6178A51E248C9B00A336A7 /* Release */ = {
			isa = XCBuildConfiguration;
			buildSettings = {
				ALWAYS_SEARCH_USER_PATHS = NO;
				CLANG_ANALYZER_NONNULL = YES;
				CLANG_CXX_LANGUAGE_STANDARD = "gnu++0x";
				CLANG_CXX_LIBRARY = "libc++";
				CLANG_ENABLE_MODULES = YES;
				CLANG_ENABLE_OBJC_ARC = YES;
				CLANG_WARN_BOOL_CONVERSION = YES;
				CLANG_WARN_CONSTANT_CONVERSION = YES;
				CLANG_WARN_DIRECT_OBJC_ISA_USAGE = YES_ERROR;
				CLANG_WARN_DOCUMENTATION_COMMENTS = YES;
				CLANG_WARN_EMPTY_BODY = YES;
				CLANG_WARN_ENUM_CONVERSION = YES;
				CLANG_WARN_INFINITE_RECURSION = YES;
				CLANG_WARN_INT_CONVERSION = YES;
				CLANG_WARN_OBJC_ROOT_CLASS = YES_ERROR;
				CLANG_WARN_SUSPICIOUS_MOVES = YES;
				CLANG_WARN_UNREACHABLE_CODE = YES;
				CLANG_WARN__DUPLICATE_METHOD_MATCH = YES;
				"CODE_SIGN_IDENTITY[sdk=iphoneos*]" = "iPhone Developer";
				COPY_PHASE_STRIP = NO;
				DEBUG_INFORMATION_FORMAT = "dwarf-with-dsym";
				ENABLE_NS_ASSERTIONS = NO;
				ENABLE_STRICT_OBJC_MSGSEND = YES;
				GCC_C_LANGUAGE_STANDARD = gnu99;
				GCC_NO_COMMON_BLOCKS = YES;
				GCC_WARN_64_TO_32_BIT_CONVERSION = YES;
				GCC_WARN_ABOUT_RETURN_TYPE = YES_ERROR;
				GCC_WARN_UNDECLARED_SELECTOR = YES;
				GCC_WARN_UNINITIALIZED_AUTOS = YES_AGGRESSIVE;
				GCC_WARN_UNUSED_FUNCTION = YES;
				GCC_WARN_UNUSED_VARIABLE = YES;
				IPHONEOS_DEPLOYMENT_TARGET = 8.0;
				MTL_ENABLE_DEBUG_INFO = NO;
				SDKROOT = iphoneos;
				SWIFT_OPTIMIZATION_LEVEL = "-Owholemodule";
				TARGETED_DEVICE_FAMILY = "1,2";
				VALIDATE_PRODUCT = YES;
			};
			name = Release;
		};
		BF6178A71E248C9B00A336A7 /* Debug */ = {
			isa = XCBuildConfiguration;
			buildSettings = {
				ALWAYS_EMBED_SWIFT_STANDARD_LIBRARIES = YES;
				ASSETCATALOG_COMPILER_APPICON_NAME = AppIcon;
				CODE_SIGN_IDENTITY = "iPhone Distribution: Qingdao Qilu Commodity Exchange Co., Ltd. (V48CAAMPY8)";
				DEVELOPMENT_TEAM = "";
				FRAMEWORK_SEARCH_PATHS = (
					"$(inherited)",
					"$(PROJECT_DIR)/Network",
				);
				INFOPLIST_FILE = Network/Info.plist;
				IPHONEOS_DEPLOYMENT_TARGET = 8.0;
				LD_RUNPATH_SEARCH_PATHS = "$(inherited) @executable_path/Frameworks";
				PRODUCT_BUNDLE_IDENTIFIER = com.mreport.lushangsuo;
				PRODUCT_NAME = "$(TARGET_NAME)";
				PROVISIONING_PROFILE = "d5269005-4d9f-483c-a699-12d9e94ba8b4";
				PROVISIONING_PROFILE_SPECIFIER = com.mreport.lushangsuo;
				SWIFT_VERSION = 3.0;
			};
			name = Debug;
		};
		BF6178A81E248C9B00A336A7 /* Release */ = {
			isa = XCBuildConfiguration;
			buildSettings = {
				ALWAYS_EMBED_SWIFT_STANDARD_LIBRARIES = YES;
				ASSETCATALOG_COMPILER_APPICON_NAME = AppIcon;
				CODE_SIGN_IDENTITY = "iPhone Distribution: Qingdao Qilu Commodity Exchange Co., Ltd. (V48CAAMPY8)";
				DEVELOPMENT_TEAM = "";
				FRAMEWORK_SEARCH_PATHS = (
					"$(inherited)",
					"$(PROJECT_DIR)/Network",
				);
				INFOPLIST_FILE = Network/Info.plist;
				IPHONEOS_DEPLOYMENT_TARGET = 8.0;
				LD_RUNPATH_SEARCH_PATHS = "$(inherited) @executable_path/Frameworks";
				PRODUCT_BUNDLE_IDENTIFIER = com.mreport.lushangsuo;
				PRODUCT_NAME = "$(TARGET_NAME)";
				PROVISIONING_PROFILE = "d5269005-4d9f-483c-a699-12d9e94ba8b4";
				PROVISIONING_PROFILE_SPECIFIER = com.mreport.lushangsuo;
				SWIFT_VERSION = 3.0;
			};
			name = Release;
		};
/* End XCBuildConfiguration section */

/* Begin XCConfigurationList section */
		BF61788F1E248C9B00A336A7 /* Build configuration list for PBXProject "Network" */ = {
			isa = XCConfigurationList;
			buildConfigurations = (
				BF6178A41E248C9B00A336A7 /* Debug */,
				BF6178A51E248C9B00A336A7 /* Release */,
			);
			defaultConfigurationIsVisible = 0;
			defaultConfigurationName = Release;
		};
		BF6178A61E248C9B00A336A7 /* Build configuration list for PBXNativeTarget "Network" */ = {
			isa = XCConfigurationList;
			buildConfigurations = (
				BF6178A71E248C9B00A336A7 /* Debug */,
				BF6178A81E248C9B00A336A7 /* Release */,
			);
			defaultConfigurationIsVisible = 0;
			defaultConfigurationName = Release;
		};
/* End XCConfigurationList section */
	};
	rootObject = BF61788C1E248C9B00A336A7 /* Project object */;
}
